
Microsoft Visual Studio Solution File, Format Version 12.00
# Visual Studio Version 16
VisualStudioVersion = 16.0.29411.108
MinimumVisualStudioVersion = 10.0.40219.1
Project("{2150E333-8FDC-42A3-9474-1A3956D46DE8}") = "Solution Items", "Solution Items", "{9FACCCC2-2023-4BA7-83C5-F57AC54A6E1C}"
	ProjectSection(SolutionItems) = preProject
		README.md = README.md
	EndProjectSection
EndProject
Project("{FAE04EC0-301F-11D3-BF4B-00C04F79EFBC}") = "FormulaOneWebForm", "FormulaOneWebForm\FormulaOneWebForm.csproj", "{915F73EA-E3D2-4F3A-8566-5BA3B7C308CF}"
EndProject
Project("{FAE04EC0-301F-11D3-BF4B-00C04F79EFBC}") = "FormulaOneConsole", "FormulaOneConsole\FormulaOneConsole.csproj", "{34727C12-AFF0-4724-AD15-784D8107DE09}"
EndProject
Project("{FAE04EC0-301F-11D3-BF4B-00C04F79EFBC}") = "FormulaOneLibrary", "FormulaOneLibrary\FormulaOneLibrary.csproj", "{08CA23A2-7D65-4E85-86A2-567CFF1965D9}"
EndProject
Project("{9A19103F-16F7-4668-BE54-9A1E7A4F7556}") = "FormulaOneWebServices", "FormulaOneWebServices\FormulaOneWebServices.csproj", "{E5229652-DD36-44C9-808A-E7F7EF20D298}"
EndProject
Global
	GlobalSection(SolutionConfigurationPlatforms) = preSolution
		Debug|Any CPU = Debug|Any CPU
		Release|Any CPU = Release|Any CPU
	EndGlobalSection
	GlobalSection(ProjectConfigurationPlatforms) = postSolution
		{915F73EA-E3D2-4F3A-8566-5BA3B7C308CF}.Debug|Any CPU.ActiveCfg = Debug|Any CPU
		{915F73EA-E3D2-4F3A-8566-5BA3B7C308CF}.Debug|Any CPU.Build.0 = Debug|Any CPU
		{915F73EA-E3D2-4F3A-8566-5BA3B7C308CF}.Release|Any CPU.ActiveCfg = Release|Any CPU
		{915F73EA-E3D2-4F3A-8566-5BA3B7C308CF}.Release|Any CPU.Build.0 = Release|Any CPU
		{34727C12-AFF0-4724-AD15-784D8107DE09}.Debug|Any CPU.ActiveCfg = Debug|Any CPU
		{34727C12-AFF0-4724-AD15-784D8107DE09}.Debug|Any CPU.Build.0 = Debug|Any CPU
		{34727C12-AFF0-4724-AD15-784D8107DE09}.Release|Any CPU.ActiveCfg = Release|Any CPU
		{34727C12-AFF0-4724-AD15-784D8107DE09}.Release|Any CPU.Build.0 = Release|Any CPU
		{08CA23A2-7D65-4E85-86A2-567CFF1965D9}.Debug|Any CPU.ActiveCfg = Debug|Any CPU
		{08CA23A2-7D65-4E85-86A2-567CFF1965D9}.Debug|Any CPU.Build.0 = Debug|Any CPU
		{08CA23A2-7D65-4E85-86A2-567CFF1965D9}.Release|Any CPU.ActiveCfg = Release|Any CPU
		{08CA23A2-7D65-4E85-86A2-567CFF1965D9}.Release|Any CPU.Build.0 = Release|Any CPU
		{E5229652-DD36-44C9-808A-E7F7EF20D298}.Debug|Any CPU.ActiveCfg = Debug|Any CPU
		{E5229652-DD36-44C9-808A-E7F7EF20D298}.Debug|Any CPU.Build.0 = Debug|Any CPU
		{E5229652-DD36-44C9-808A-E7F7EF20D298}.Release|Any CPU.ActiveCfg = Release|Any CPU
		{E5229652-DD36-44C9-808A-E7F7EF20D298}.Release|Any CPU.Build.0 = Release|Any CPU
	EndGlobalSection
	GlobalSection(SolutionProperties) = preSolution
		HideSolutionNode = FALSE
	EndGlobalSection
	GlobalSection(ExtensibilityGlobals) = postSolution
		SolutionGuid = {0710510A-7D31-4C5A-99B9-6CFC5B41DE00}
	EndGlobalSection
EndGlobal
